// !$*UTF8*$!
{
	archiveVersion = 1;
	classes = {
	};
	objectVersion = 55;
	objects = {

/* Begin PBXBuildFile section */
		707790AF2825628500A851C7 /* AppDelegate.swift in Sources */ = {isa = PBXBuildFile; fileRef = 707790AE2825628500A851C7 /* AppDelegate.swift */; };
		707790B12825628500A851C7 /* SceneDelegate.swift in Sources */ = {isa = PBXBuildFile; fileRef = 707790B02825628500A851C7 /* SceneDelegate.swift */; };
		707790B32825628500A851C7 /* ViewController.swift in Sources */ = {isa = PBXBuildFile; fileRef = 707790B22825628500A851C7 /* ViewController.swift */; };
		707790B62825628500A851C7 /* Main.storyboard in Resources */ = {isa = PBXBuildFile; fileRef = 707790B42825628500A851C7 /* Main.storyboard */; };
		707790B82825628600A851C7 /* Assets.xcassets in Resources */ = {isa = PBXBuildFile; fileRef = 707790B72825628600A851C7 /* Assets.xcassets */; };
		707790BB2825628600A851C7 /* LaunchScreen.storyboard in Resources */ = {isa = PBXBuildFile; fileRef = 707790B92825628600A851C7 /* LaunchScreen.storyboard */; };
		707790C128256C8C00A851C7 /* UserDefaultsBrowser in Frameworks */ = {isa = PBXBuildFile; productRef = 707790C028256C8C00A851C7 /* UserDefaultsBrowser */; };
		70A4A51F282519B7007F2033 /* ExampleApp.swift in Sources */ = {isa = PBXBuildFile; fileRef = 70A4A50F282519B5007F2033 /* ExampleApp.swift */; };
		70A4A520282519B7007F2033 /* ExampleApp.swift in Sources */ = {isa = PBXBuildFile; fileRef = 70A4A50F282519B5007F2033 /* ExampleApp.swift */; };
		70A4A521282519B7007F2033 /* ContentView.swift in Sources */ = {isa = PBXBuildFile; fileRef = 70A4A510282519B6007F2033 /* ContentView.swift */; };
		70A4A522282519B7007F2033 /* ContentView.swift in Sources */ = {isa = PBXBuildFile; fileRef = 70A4A510282519B6007F2033 /* ContentView.swift */; };
		70A4A523282519B7007F2033 /* Assets.xcassets in Resources */ = {isa = PBXBuildFile; fileRef = 70A4A511282519B7007F2033 /* Assets.xcassets */; };
		70A4A524282519B7007F2033 /* Assets.xcassets in Resources */ = {isa = PBXBuildFile; fileRef = 70A4A511282519B7007F2033 /* Assets.xcassets */; };
		70A4A53228251B1D007F2033 /* UserDefaultsBrowser in Frameworks */ = {isa = PBXBuildFile; productRef = 70A4A53128251B1D007F2033 /* UserDefaultsBrowser */; };
		70F03A912826266600D86CAB /* BrowserViewController.swift in Sources */ = {isa = PBXBuildFile; fileRef = 70F03A902826266600D86CAB /* BrowserViewController.swift */; };
/* End PBXBuildFile section */

/* Begin PBXFileReference section */
		707790AC2825628500A851C7 /* UIKitApp.app */ = {isa = PBXFileReference; explicitFileType = wrapper.application; includeInIndex = 0; path = UIKitApp.app; sourceTree = BUILT_PRODUCTS_DIR; };
		707790AE2825628500A851C7 /* AppDelegate.swift */ = {isa = PBXFileReference; lastKnownFileType = sourcecode.swift; path = AppDelegate.swift; sourceTree = "<group>"; };
		707790B02825628500A851C7 /* SceneDelegate.swift */ = {isa = PBXFileReference; lastKnownFileType = sourcecode.swift; path = SceneDelegate.swift; sourceTree = "<group>"; };
		707790B22825628500A851C7 /* ViewController.swift */ = {isa = PBXFileReference; lastKnownFileType = sourcecode.swift; path = ViewController.swift; sourceTree = "<group>"; };
		707790B52825628500A851C7 /* Base */ = {isa = PBXFileReference; lastKnownFileType = file.storyboard; name = Base; path = Base.lproj/Main.storyboard; sourceTree = "<group>"; };
		707790B72825628600A851C7 /* Assets.xcassets */ = {isa = PBXFileReference; lastKnownFileType = folder.assetcatalog; path = Assets.xcassets; sourceTree = "<group>"; };
		707790BA2825628600A851C7 /* Base */ = {isa = PBXFileReference; lastKnownFileType = file.storyboard; name = Base; path = Base.lproj/LaunchScreen.storyboard; sourceTree = "<group>"; };
		707790BC2825628600A851C7 /* Info.plist */ = {isa = PBXFileReference; lastKnownFileType = text.plist.xml; path = Info.plist; sourceTree = "<group>"; };
		707790C228256C9F00A851C7 /* UIKitApp.entitlements */ = {isa = PBXFileReference; lastKnownFileType = text.plist.entitlements; path = UIKitApp.entitlements; sourceTree = "<group>"; };
		70A4A50F282519B5007F2033 /* ExampleApp.swift */ = {isa = PBXFileReference; lastKnownFileType = sourcecode.swift; path = ExampleApp.swift; sourceTree = "<group>"; };
		70A4A510282519B6007F2033 /* ContentView.swift */ = {isa = PBXFileReference; lastKnownFileType = sourcecode.swift; path = ContentView.swift; sourceTree = "<group>"; };
		70A4A511282519B7007F2033 /* Assets.xcassets */ = {isa = PBXFileReference; lastKnownFileType = folder.assetcatalog; path = Assets.xcassets; sourceTree = "<group>"; };
		70A4A516282519B7007F2033 /* SwiftUIExample.app */ = {isa = PBXFileReference; explicitFileType = wrapper.application; includeInIndex = 0; path = SwiftUIExample.app; sourceTree = BUILT_PRODUCTS_DIR; };
		70A4A51C282519B7007F2033 /* Example.app */ = {isa = PBXFileReference; explicitFileType = wrapper.application; includeInIndex = 0; path = Example.app; sourceTree = BUILT_PRODUCTS_DIR; };
		70A4A51E282519B7007F2033 /* macOS.entitlements */ = {isa = PBXFileReference; lastKnownFileType = text.plist.entitlements; path = macOS.entitlements; sourceTree = "<group>"; };
		70A4A52E28251A19007F2033 /* UserDefaults-Browser */ = {isa = PBXFileReference; lastKnownFileType = wrapper; name = "UserDefaults-Browser"; path = ..; sourceTree = "<group>"; };
		70A4A52F28251AB3007F2033 /* iOS.entitlements */ = {isa = PBXFileReference; lastKnownFileType = text.plist.entitlements; path = iOS.entitlements; sourceTree = "<group>"; };
		70B1D331282C870A000D0386 /* SwiftUI-Common */ = {isa = PBXFileReference; lastKnownFileType = wrapper; name = "SwiftUI-Common"; path = "../../SwiftUI-Common"; sourceTree = "<group>"; };
		70F03A902826266600D86CAB /* BrowserViewController.swift */ = {isa = PBXFileReference; lastKnownFileType = sourcecode.swift; path = BrowserViewController.swift; sourceTree = "<group>"; };
/* End PBXFileReference section */

/* Begin PBXFrameworksBuildPhase section */
		707790A92825628500A851C7 /* Frameworks */ = {
			isa = PBXFrameworksBuildPhase;
			buildActionMask = 2147483647;
			files = (
				707790C128256C8C00A851C7 /* UserDefaultsBrowser in Frameworks */,
			);
			runOnlyForDeploymentPostprocessing = 0;
		};
		70A4A513282519B7007F2033 /* Frameworks */ = {
			isa = PBXFrameworksBuildPhase;
			buildActionMask = 2147483647;
			files = (
				70A4A53228251B1D007F2033 /* UserDefaultsBrowser in Frameworks */,
			);
			runOnlyForDeploymentPostprocessing = 0;
		};
		70A4A519282519B7007F2033 /* Frameworks */ = {
			isa = PBXFrameworksBuildPhase;
			buildActionMask = 2147483647;
			files = (
			);
			runOnlyForDeploymentPostprocessing = 0;
		};
/* End PBXFrameworksBuildPhase section */

/* Begin PBXGroup section */
		707790AD2825628500A851C7 /* UIKitApp */ = {
			isa = PBXGroup;
			children = (
				70A5B35328278206004E31B7 /* Resources */,
				707790AE2825628500A851C7 /* AppDelegate.swift */,
				707790B02825628500A851C7 /* SceneDelegate.swift */,
				707790B22825628500A851C7 /* ViewController.swift */,
				70F03A902826266600D86CAB /* BrowserViewController.swift */,
			);
			path = UIKitApp;
			sourceTree = "<group>";
		};
		70A4A509282519B5007F2033 = {
			isa = PBXGroup;
			children = (
				70B1D331282C870A000D0386 /* SwiftUI-Common */,
				70A4A52D28251A19007F2033 /* Packages */,
				70A4A50E282519B5007F2033 /* Shared */,
				70A4A53328251C48007F2033 /* iOS */,
				70A4A51D282519B7007F2033 /* macOS */,
				707790AD2825628500A851C7 /* UIKitApp */,
				70A4A517282519B7007F2033 /* Products */,
				70A4A53028251B1D007F2033 /* Frameworks */,
			);
			sourceTree = "<group>";
		};
		70A4A50E282519B5007F2033 /* Shared */ = {
			isa = PBXGroup;
			children = (
				70A4A50F282519B5007F2033 /* ExampleApp.swift */,
				70A4A510282519B6007F2033 /* ContentView.swift */,
				70A4A511282519B7007F2033 /* Assets.xcassets */,
			);
			path = Shared;
			sourceTree = "<group>";
		};
		70A4A517282519B7007F2033 /* Products */ = {
			isa = PBXGroup;
			children = (
				70A4A516282519B7007F2033 /* SwiftUIExample.app */,
				70A4A51C282519B7007F2033 /* Example.app */,
				707790AC2825628500A851C7 /* UIKitApp.app */,
			);
			name = Products;
			sourceTree = "<group>";
		};
		70A4A51D282519B7007F2033 /* macOS */ = {
			isa = PBXGroup;
			children = (
				70A4A51E282519B7007F2033 /* macOS.entitlements */,
			);
			path = macOS;
			sourceTree = "<group>";
		};
		70A4A52D28251A19007F2033 /* Packages */ = {
			isa = PBXGroup;
			children = (
				70A4A52E28251A19007F2033 /* UserDefaults-Browser */,
			);
			name = Packages;
			sourceTree = "<group>";
		};
		70A4A53028251B1D007F2033 /* Frameworks */ = {
			isa = PBXGroup;
			children = (
			);
			name = Frameworks;
			sourceTree = "<group>";
		};
		70A4A53328251C48007F2033 /* iOS */ = {
			isa = PBXGroup;
			children = (
				70A4A52F28251AB3007F2033 /* iOS.entitlements */,
			);
			path = iOS;
			sourceTree = "<group>";
		};
		70A5B35328278206004E31B7 /* Resources */ = {
			isa = PBXGroup;
			children = (
				707790B42825628500A851C7 /* Main.storyboard */,
				707790B92825628600A851C7 /* LaunchScreen.storyboard */,
				707790B72825628600A851C7 /* Assets.xcassets */,
				707790BC2825628600A851C7 /* Info.plist */,
				707790C228256C9F00A851C7 /* UIKitApp.entitlements */,
			);
			path = Resources;
			sourceTree = "<group>";
		};
/* End PBXGroup section */

/* Begin PBXNativeTarget section */
		707790AB2825628500A851C7 /* UIKitApp */ = {
			isa = PBXNativeTarget;
			buildConfigurationList = 707790BF2825628600A851C7 /* Build configuration list for PBXNativeTarget "UIKitApp" */;
			buildPhases = (
				707790A82825628500A851C7 /* Sources */,
				707790A92825628500A851C7 /* Frameworks */,
				707790AA2825628500A851C7 /* Resources */,
			);
			buildRules = (
			);
			dependencies = (
			);
			name = UIKitApp;
			packageProductDependencies = (
				707790C028256C8C00A851C7 /* UserDefaultsBrowser */,
			);
			productName = UIKitApp;
			productReference = 707790AC2825628500A851C7 /* UIKitApp.app */;
			productType = "com.apple.product-type.application";
		};
		70A4A515282519B7007F2033 /* Example (iOS) */ = {
			isa = PBXNativeTarget;
			buildConfigurationList = 70A4A527282519B7007F2033 /* Build configuration list for PBXNativeTarget "Example (iOS)" */;
			buildPhases = (
				70A4A512282519B7007F2033 /* Sources */,
				70A4A513282519B7007F2033 /* Frameworks */,
				70A4A514282519B7007F2033 /* Resources */,
			);
			buildRules = (
			);
			dependencies = (
			);
			name = "Example (iOS)";
			packageProductDependencies = (
				70A4A53128251B1D007F2033 /* UserDefaultsBrowser */,
			);
			productName = "Example (iOS)";
			productReference = 70A4A516282519B7007F2033 /* SwiftUIExample.app */;
			productType = "com.apple.product-type.application";
		};
		70A4A51B282519B7007F2033 /* Example (macOS) */ = {
			isa = PBXNativeTarget;
			buildConfigurationList = 70A4A52A282519B7007F2033 /* Build configuration list for PBXNativeTarget "Example (macOS)" */;
			buildPhases = (
				70A4A518282519B7007F2033 /* Sources */,
				70A4A519282519B7007F2033 /* Frameworks */,
				70A4A51A282519B7007F2033 /* Resources */,
			);
			buildRules = (
			);
			dependencies = (
			);
			name = "Example (macOS)";
			productName = "Example (macOS)";
			productReference = 70A4A51C282519B7007F2033 /* Example.app */;
			productType = "com.apple.product-type.application";
		};
/* End PBXNativeTarget section */

/* Begin PBXProject section */
		70A4A50A282519B5007F2033 /* Project object */ = {
			isa = PBXProject;
			attributes = {
				BuildIndependentTargetsInParallel = 1;
				LastSwiftUpdateCheck = 1330;
				LastUpgradeCheck = 1330;
				TargetAttributes = {
					707790AB2825628500A851C7 = {
						CreatedOnToolsVersion = 13.3.1;
					};
					70A4A515282519B7007F2033 = {
						CreatedOnToolsVersion = 13.3.1;
					};
					70A4A51B282519B7007F2033 = {
						CreatedOnToolsVersion = 13.3.1;
					};
				};
			};
			buildConfigurationList = 70A4A50D282519B5007F2033 /* Build configuration list for PBXProject "Example" */;
			compatibilityVersion = "Xcode 13.0";
			developmentRegion = en;
			hasScannedForEncodings = 0;
			knownRegions = (
				en,
				Base,
			);
			mainGroup = 70A4A509282519B5007F2033;
			productRefGroup = 70A4A517282519B7007F2033 /* Products */;
			projectDirPath = "";
			projectRoot = "";
			targets = (
				70A4A515282519B7007F2033 /* Example (iOS) */,
				70A4A51B282519B7007F2033 /* Example (macOS) */,
				707790AB2825628500A851C7 /* UIKitApp */,
			);
		};
/* End PBXProject section */

/* Begin PBXResourcesBuildPhase section */
		707790AA2825628500A851C7 /* Resources */ = {
			isa = PBXResourcesBuildPhase;
			buildActionMask = 2147483647;
			files = (
				707790BB2825628600A851C7 /* LaunchScreen.storyboard in Resources */,
				707790B82825628600A851C7 /* Assets.xcassets in Resources */,
				707790B62825628500A851C7 /* Main.storyboard in Resources */,
			);
			runOnlyForDeploymentPostprocessing = 0;
		};
		70A4A514282519B7007F2033 /* Resources */ = {
			isa = PBXResourcesBuildPhase;
			buildActionMask = 2147483647;
			files = (
				70A4A523282519B7007F2033 /* Assets.xcassets in Resources */,
			);
			runOnlyForDeploymentPostprocessing = 0;
		};
		70A4A51A282519B7007F2033 /* Resources */ = {
			isa = PBXResourcesBuildPhase;
			buildActionMask = 2147483647;
			files = (
				70A4A524282519B7007F2033 /* Assets.xcassets in Resources */,
			);
			runOnlyForDeploymentPostprocessing = 0;
		};
/* End PBXResourcesBuildPhase section */

/* Begin PBXSourcesBuildPhase section */
		707790A82825628500A851C7 /* Sources */ = {
			isa = PBXSourcesBuildPhase;
			buildActionMask = 2147483647;
			files = (
				707790B32825628500A851C7 /* ViewController.swift in Sources */,
				70F03A912826266600D86CAB /* BrowserViewController.swift in Sources */,
				707790AF2825628500A851C7 /* AppDelegate.swift in Sources */,
				707790B12825628500A851C7 /* SceneDelegate.swift in Sources */,
			);
			runOnlyForDeploymentPostprocessing = 0;
		};
		70A4A512282519B7007F2033 /* Sources */ = {
			isa = PBXSourcesBuildPhase;
			buildActionMask = 2147483647;
			files = (
				70A4A521282519B7007F2033 /* ContentView.swift in Sources */,
				70A4A51F282519B7007F2033 /* ExampleApp.swift in Sources */,
			);
			runOnlyForDeploymentPostprocessing = 0;
		};
		70A4A518282519B7007F2033 /* Sources */ = {
			isa = PBXSourcesBuildPhase;
			buildActionMask = 2147483647;
			files = (
				70A4A522282519B7007F2033 /* ContentView.swift in Sources */,
				70A4A520282519B7007F2033 /* ExampleApp.swift in Sources */,
			);
			runOnlyForDeploymentPostprocessing = 0;
		};
/* End PBXSourcesBuildPhase section */

/* Begin PBXVariantGroup section */
		707790B42825628500A851C7 /* Main.storyboard */ = {
			isa = PBXVariantGroup;
			children = (
				707790B52825628500A851C7 /* Base */,
			);
			name = Main.storyboard;
			sourceTree = "<group>";
		};
		707790B92825628600A851C7 /* LaunchScreen.storyboard */ = {
			isa = PBXVariantGroup;
			children = (
				707790BA2825628600A851C7 /* Base */,
			);
			name = LaunchScreen.storyboard;
			sourceTree = "<group>";
		};
/* End PBXVariantGroup section */

/* Begin XCBuildConfiguration section */
		707790BD2825628600A851C7 /* Debug */ = {
			isa = XCBuildConfiguration;
			buildSettings = {
				ASSETCATALOG_COMPILER_APPICON_NAME = AppIcon;
				ASSETCATALOG_COMPILER_GLOBAL_ACCENT_COLOR_NAME = AccentColor;
				CODE_SIGN_ENTITLEMENTS = UIKitApp/Resources/UIKitApp.entitlements;
				CODE_SIGN_STYLE = Automatic;
				CURRENT_PROJECT_VERSION = 1;
				DEVELOPMENT_TEAM = P437HSA6PY;
				GENERATE_INFOPLIST_FILE = YES;
				INFOPLIST_FILE = UIKitApp/Resources/Info.plist;
				INFOPLIST_KEY_CFBundleDisplayName = UIKitExample;
				INFOPLIST_KEY_UIApplicationSupportsIndirectInputEvents = YES;
				INFOPLIST_KEY_UILaunchStoryboardName = LaunchScreen;
				INFOPLIST_KEY_UIMainStoryboardFile = Main;
				INFOPLIST_KEY_UISupportedInterfaceOrientations_iPad = "UIInterfaceOrientationPortrait UIInterfaceOrientationPortraitUpsideDown UIInterfaceOrientationLandscapeLeft UIInterfaceOrientationLandscapeRight";
				INFOPLIST_KEY_UISupportedInterfaceOrientations_iPhone = "UIInterfaceOrientationPortrait UIInterfaceOrientationLandscapeLeft UIInterfaceOrientationLandscapeRight";
				IPHONEOS_DEPLOYMENT_TARGET = 14.0;
				LD_RUNPATH_SEARCH_PATHS = (
					"$(inherited)",
					"@executable_path/Frameworks",
				);
				MARKETING_VERSION = 1.0;
				PRODUCT_BUNDLE_IDENTIFIER = tech.penginmura.UIKitApp;
				PRODUCT_NAME = "$(TARGET_NAME)";
				SDKROOT = iphoneos;
				SWIFT_EMIT_LOC_STRINGS = YES;
				SWIFT_VERSION = 5.0;
				TARGETED_DEVICE_FAMILY = "1,2";
			};
			name = Debug;
		};
		707790BE2825628600A851C7 /* Release */ = {
			isa = XCBuildConfiguration;
			buildSettings = {
				ASSETCATALOG_COMPILER_APPICON_NAME = AppIcon;
				ASSETCATALOG_COMPILER_GLOBAL_ACCENT_COLOR_NAME = AccentColor;
				CODE_SIGN_ENTITLEMENTS = UIKitApp/Resources/UIKitApp.entitlements;
				CODE_SIGN_STYLE = Automatic;
				CURRENT_PROJECT_VERSION = 1;
				DEVELOPMENT_TEAM = P437HSA6PY;
				GENERATE_INFOPLIST_FILE = YES;
				INFOPLIST_FILE = UIKitApp/Resources/Info.plist;
				INFOPLIST_KEY_CFBundleDisplayName = UIKitExample;
				INFOPLIST_KEY_UIApplicationSupportsIndirectInputEvents = YES;
				INFOPLIST_KEY_UILaunchStoryboardName = LaunchScreen;
				INFOPLIST_KEY_UIMainStoryboardFile = Main;
				INFOPLIST_KEY_UISupportedInterfaceOrientations_iPad = "UIInterfaceOrientationPortrait UIInterfaceOrientationPortraitUpsideDown UIInterfaceOrientationLandscapeLeft UIInterfaceOrientationLandscapeRight";
				INFOPLIST_KEY_UISupportedInterfaceOrientations_iPhone = "UIInterfaceOrientationPortrait UIInterfaceOrientationLandscapeLeft UIInterfaceOrientationLandscapeRight";
				IPHONEOS_DEPLOYMENT_TARGET = 14.0;
				LD_RUNPATH_SEARCH_PATHS = (
					"$(inherited)",
					"@executable_path/Frameworks",
				);
				MARKETING_VERSION = 1.0;
				PRODUCT_BUNDLE_IDENTIFIER = tech.penginmura.UIKitApp;
				PRODUCT_NAME = "$(TARGET_NAME)";
				SDKROOT = iphoneos;
				SWIFT_EMIT_LOC_STRINGS = YES;
				SWIFT_VERSION = 5.0;
				TARGETED_DEVICE_FAMILY = "1,2";
				VALIDATE_PRODUCT = YES;
			};
			name = Release;
		};
		70A4A525282519B7007F2033 /* Debug */ = {
			isa = XCBuildConfiguration;
			buildSettings = {
				ALWAYS_SEARCH_USER_PATHS = NO;
				CLANG_ANALYZER_NONNULL = YES;
				CLANG_ANALYZER_NUMBER_OBJECT_CONVERSION = YES_AGGRESSIVE;
				CLANG_CXX_LANGUAGE_STANDARD = "gnu++17";
				CLANG_ENABLE_MODULES = YES;
				CLANG_ENABLE_OBJC_ARC = YES;
				CLANG_ENABLE_OBJC_WEAK = YES;
				CLANG_WARN_BLOCK_CAPTURE_AUTORELEASING = YES;
				CLANG_WARN_BOOL_CONVERSION = YES;
				CLANG_WARN_COMMA = YES;
				CLANG_WARN_CONSTANT_CONVERSION = YES;
				CLANG_WARN_DEPRECATED_OBJC_IMPLEMENTATIONS = YES;
				CLANG_WARN_DIRECT_OBJC_ISA_USAGE = YES_ERROR;
				CLANG_WARN_DOCUMENTATION_COMMENTS = YES;
				CLANG_WARN_EMPTY_BODY = YES;
				CLANG_WARN_ENUM_CONVERSION = YES;
				CLANG_WARN_INFINITE_RECURSION = YES;
				CLANG_WARN_INT_CONVERSION = YES;
				CLANG_WARN_NON_LITERAL_NULL_CONVERSION = YES;
				CLANG_WARN_OBJC_IMPLICIT_RETAIN_SELF = YES;
				CLANG_WARN_OBJC_LITERAL_CONVERSION = YES;
				CLANG_WARN_OBJC_ROOT_CLASS = YES_ERROR;
				CLANG_WARN_QUOTED_INCLUDE_IN_FRAMEWORK_HEADER = YES;
				CLANG_WARN_RANGE_LOOP_ANALYSIS = YES;
				CLANG_WARN_STRICT_PROTOTYPES = YES;
				CLANG_WARN_SUSPICIOUS_MOVE = YES;
				CLANG_WARN_UNGUARDED_AVAILABILITY = YES_AGGRESSIVE;
				CLANG_WARN_UNREACHABLE_CODE = YES;
				CLANG_WARN__DUPLICATE_METHOD_MATCH = YES;
				COPY_PHASE_STRIP = NO;
				DEBUG_INFORMATION_FORMAT = dwarf;
				ENABLE_STRICT_OBJC_MSGSEND = YES;
				ENABLE_TESTABILITY = YES;
				GCC_C_LANGUAGE_STANDARD = gnu11;
				GCC_DYNAMIC_NO_PIC = NO;
				GCC_NO_COMMON_BLOCKS = YES;
				GCC_OPTIMIZATION_LEVEL = 0;
				GCC_PREPROCESSOR_DEFINITIONS = (
					"DEBUG=1",
					"$(inherited)",
				);
				GCC_WARN_64_TO_32_BIT_CONVERSION = YES;
				GCC_WARN_ABOUT_RETURN_TYPE = YES_ERROR;
				GCC_WARN_UNDECLARED_SELECTOR = YES;
				GCC_WARN_UNINITIALIZED_AUTOS = YES_AGGRESSIVE;
				GCC_WARN_UNUSED_FUNCTION = YES;
				GCC_WARN_UNUSED_VARIABLE = YES;
				MTL_ENABLE_DEBUG_INFO = INCLUDE_SOURCE;
				MTL_FAST_MATH = YES;
				ONLY_ACTIVE_ARCH = YES;
				SWIFT_ACTIVE_COMPILATION_CONDITIONS = DEBUG;
				SWIFT_OPTIMIZATION_LEVEL = "-Onone";
			};
			name = Debug;
		};
		70A4A526282519B7007F2033 /* Release */ = {
			isa = XCBuildConfiguration;
			buildSettings = {
				ALWAYS_SEARCH_USER_PATHS = NO;
				CLANG_ANALYZER_NONNULL = YES;
				CLANG_ANALYZER_NUMBER_OBJECT_CONVERSION = YES_AGGRESSIVE;
				CLANG_CXX_LANGUAGE_STANDARD = "gnu++17";
				CLANG_ENABLE_MODULES = YES;
				CLANG_ENABLE_OBJC_ARC = YES;
				CLANG_ENABLE_OBJC_WEAK = YES;
				CLANG_WARN_BLOCK_CAPTURE_AUTORELEASING = YES;
				CLANG_WARN_BOOL_CONVERSION = YES;
				CLANG_WARN_COMMA = YES;
				CLANG_WARN_CONSTANT_CONVERSION = YES;
				CLANG_WARN_DEPRECATED_OBJC_IMPLEMENTATIONS = YES;
				CLANG_WARN_DIRECT_OBJC_ISA_USAGE = YES_ERROR;
				CLANG_WARN_DOCUMENTATION_COMMENTS = YES;
				CLANG_WARN_EMPTY_BODY = YES;
				CLANG_WARN_ENUM_CONVERSION = YES;
				CLANG_WARN_INFINITE_RECURSION = YES;
				CLANG_WARN_INT_CONVERSION = YES;
				CLANG_WARN_NON_LITERAL_NULL_CONVERSION = YES;
				CLANG_WARN_OBJC_IMPLICIT_RETAIN_SELF = YES;
				CLANG_WARN_OBJC_LITERAL_CONVERSION = YES;
				CLANG_WARN_OBJC_ROOT_CLASS = YES_ERROR;
				CLANG_WARN_QUOTED_INCLUDE_IN_FRAMEWORK_HEADER = YES;
				CLANG_WARN_RANGE_LOOP_ANALYSIS = YES;
				CLANG_WARN_STRICT_PROTOTYPES = YES;
				CLANG_WARN_SUSPICIOUS_MOVE = YES;
				CLANG_WARN_UNGUARDED_AVAILABILITY = YES_AGGRESSIVE;
				CLANG_WARN_UNREACHABLE_CODE = YES;
				CLANG_WARN__DUPLICATE_METHOD_MATCH = YES;
				COPY_PHASE_STRIP = NO;
				DEBUG_INFORMATION_FORMAT = "dwarf-with-dsym";
				ENABLE_NS_ASSERTIONS = NO;
				ENABLE_STRICT_OBJC_MSGSEND = YES;
				GCC_C_LANGUAGE_STANDARD = gnu11;
				GCC_NO_COMMON_BLOCKS = YES;
				GCC_WARN_64_TO_32_BIT_CONVERSION = YES;
				GCC_WARN_ABOUT_RETURN_TYPE = YES_ERROR;
				GCC_WARN_UNDECLARED_SELECTOR = YES;
				GCC_WARN_UNINITIALIZED_AUTOS = YES_AGGRESSIVE;
				GCC_WARN_UNUSED_FUNCTION = YES;
				GCC_WARN_UNUSED_VARIABLE = YES;
				MTL_ENABLE_DEBUG_INFO = NO;
				MTL_FAST_MATH = YES;
				SWIFT_COMPILATION_MODE = wholemodule;
				SWIFT_OPTIMIZATION_LEVEL = "-O";
			};
			name = Release;
		};
		70A4A528282519B7007F2033 /* Debug */ = {
			isa = XCBuildConfiguration;
			buildSettings = {
				ASSETCATALOG_COMPILER_APPICON_NAME = AppIcon;
				ASSETCATALOG_COMPILER_GLOBAL_ACCENT_COLOR_NAME = AccentColor;
				CODE_SIGN_ENTITLEMENTS = iOS/iOS.entitlements;
				CODE_SIGN_STYLE = Automatic;
				CURRENT_PROJECT_VERSION = 1;
				DEVELOPMENT_TEAM = P437HSA6PY;
				ENABLE_PREVIEWS = YES;
				GENERATE_INFOPLIST_FILE = YES;
				INFOPLIST_KEY_UIApplicationSceneManifest_Generation = YES;
				INFOPLIST_KEY_UIApplicationSupportsIndirectInputEvents = YES;
				INFOPLIST_KEY_UILaunchScreen_Generation = YES;
				INFOPLIST_KEY_UISupportedInterfaceOrientations_iPad = "UIInterfaceOrientationPortrait UIInterfaceOrientationPortraitUpsideDown UIInterfaceOrientationLandscapeLeft UIInterfaceOrientationLandscapeRight";
				INFOPLIST_KEY_UISupportedInterfaceOrientations_iPhone = "UIInterfaceOrientationPortrait UIInterfaceOrientationLandscapeLeft UIInterfaceOrientationLandscapeRight";
				IPHONEOS_DEPLOYMENT_TARGET = 14.0;
				LD_RUNPATH_SEARCH_PATHS = (
					"$(inherited)",
					"@executable_path/Frameworks",
				);
				MARKETING_VERSION = 1.0;
				PRODUCT_BUNDLE_IDENTIFIER = tech.penginmura.Example;
				PRODUCT_NAME = SwiftUIExample;
				SDKROOT = iphoneos;
				SWIFT_EMIT_LOC_STRINGS = YES;
				SWIFT_VERSION = 5.0;
				TARGETED_DEVICE_FAMILY = "1,2";
			};
			name = Debug;
		};
		70A4A529282519B7007F2033 /* Release */ = {
			isa = XCBuildConfiguration;
			buildSettings = {
				ASSETCATALOG_COMPILER_APPICON_NAME = AppIcon;
				ASSETCATALOG_COMPILER_GLOBAL_ACCENT_COLOR_NAME = AccentColor;
				CODE_SIGN_ENTITLEMENTS = iOS/iOS.entitlements;
				CODE_SIGN_STYLE = Automatic;
				CURRENT_PROJECT_VERSION = 1;
				DEVELOPMENT_TEAM = P437HSA6PY;
				ENABLE_PREVIEWS = YES;
				GENERATE_INFOPLIST_FILE = YES;
				INFOPLIST_KEY_UIApplicationSceneManifest_Generation = YES;
				INFOPLIST_KEY_UIApplicationSupportsIndirectInputEvents = YES;
				INFOPLIST_KEY_UILaunchScreen_Generation = YES;
				INFOPLIST_KEY_UISupportedInterfaceOrientations_iPad = "UIInterfaceOrientationPortrait UIInterfaceOrientationPortraitUpsideDown UIInterfaceOrientationLandscapeLeft UIInterfaceOrientationLandscapeRight";
				INFOPLIST_KEY_UISupportedInterfaceOrientations_iPhone = "UIInterfaceOrientationPortrait UIInterfaceOrientationLandscapeLeft UIInterfaceOrientationLandscapeRight";
				IPHONEOS_DEPLOYMENT_TARGET = 14.0;
				LD_RUNPATH_SEARCH_PATHS = (
					"$(inherited)",
					"@executable_path/Frameworks",
				);
				MARKETING_VERSION = 1.0;
				PRODUCT_BUNDLE_IDENTIFIER = tech.penginmura.Example;
				PRODUCT_NAME = SwiftUIExample;
				SDKROOT = iphoneos;
				SWIFT_EMIT_LOC_STRINGS = YES;
				SWIFT_VERSION = 5.0;
				TARGETED_DEVICE_FAMILY = "1,2";
				VALIDATE_PRODUCT = YES;
			};
			name = Release;
		};
		70A4A52B282519B7007F2033 /* Debug */ = {
			isa = XCBuildConfiguration;
			buildSettings = {
				ASSETCATALOG_COMPILER_APPICON_NAME = AppIcon;
				ASSETCATALOG_COMPILER_GLOBAL_ACCENT_COLOR_NAME = AccentColor;
				CODE_SIGN_ENTITLEMENTS = macOS/macOS.entitlements;
				CODE_SIGN_STYLE = Automatic;
				COMBINE_HIDPI_IMAGES = YES;
				CURRENT_PROJECT_VERSION = 1;
				DEVELOPMENT_TEAM = P437HSA6PY;
				ENABLE_HARDENED_RUNTIME = YES;
				ENABLE_PREVIEWS = YES;
				GENERATE_INFOPLIST_FILE = YES;
				INFOPLIST_KEY_NSHumanReadableCopyright = "";
				LD_RUNPATH_SEARCH_PATHS = (
					"$(inherited)",
					"@executable_path/../Frameworks",
				);
				MACOSX_DEPLOYMENT_TARGET = 12.3;
				MARKETING_VERSION = 1.0;
				PRODUCT_BUNDLE_IDENTIFIER = tech.penginmura.Example;
				PRODUCT_NAME = Example;
				SDKROOT = macosx;
				SWIFT_EMIT_LOC_STRINGS = YES;
				SWIFT_VERSION = 5.0;
			};
			name = Debug;
		};
		70A4A52C282519B7007F2033 /* Release */ = {
			isa = XCBuildConfiguration;
			buildSettings = {
				ASSETCATALOG_COMPILER_APPICON_NAME = AppIcon;
				ASSETCATALOG_COMPILER_GLOBAL_ACCENT_COLOR_NAME = AccentColor;
				CODE_SIGN_ENTITLEMENTS = macOS/macOS.entitlements;
				CODE_SIGN_STYLE = Automatic;
				COMBINE_HIDPI_IMAGES = YES;
				CURRENT_PROJECT_VERSION = 1;
				DEVELOPMENT_TEAM = P437HSA6PY;
				ENABLE_HARDENED_RUNTIME = YES;
				ENABLE_PREVIEWS = YES;
				GENERATE_INFOPLIST_FILE = YES;
				INFOPLIST_KEY_NSHumanReadableCopyright = "";
				LD_RUNPATH_SEARCH_PATHS = (
					"$(inherited)",
					"@executable_path/../Frameworks",
				);
				MACOSX_DEPLOYMENT_TARGET = 12.3;
				MARKETING_VERSION = 1.0;
				PRODUCT_BUNDLE_IDENTIFIER = tech.penginmura.Example;
				PRODUCT_NAME = Example;
				SDKROOT = macosx;
				SWIFT_EMIT_LOC_STRINGS = YES;
				SWIFT_VERSION = 5.0;
			};
			name = Release;
		};
/* End XCBuildConfiguration section */

/* Begin XCConfigurationList section */
		707790BF2825628600A851C7 /* Build configuration list for PBXNativeTarget "UIKitApp" */ = {
			isa = XCConfigurationList;
			buildConfigurations = (
				707790BD2825628600A851C7 /* Debug */,
				707790BE2825628600A851C7 /* Release */,
			);
			defaultConfigurationIsVisible = 0;
			defaultConfigurationName = Release;
		};
		70A4A50D282519B5007F2033 /* Build configuration list for PBXProject "Example" */ = {
			isa = XCConfigurationList;
			buildConfigurations = (
				70A4A525282519B7007F2033 /* Debug */,
				70A4A526282519B7007F2033 /* Release */,
			);
			defaultConfigurationIsVisible = 0;
			defaultConfigurationName = Release;
		};
		70A4A527282519B7007F2033 /* Build configuration list for PBXNativeTarget "Example (iOS)" */ = {
			isa = XCConfigurationList;
			buildConfigurations = (
				70A4A528282519B7007F2033 /* Debug */,
				70A4A529282519B7007F2033 /* Release */,
			);
			defaultConfigurationIsVisible = 0;
			defaultConfigurationName = Release;
		};
		70A4A52A282519B7007F2033 /* Build configuration list for PBXNativeTarget "Example (macOS)" */ = {
			isa = XCConfigurationList;
			buildConfigurations = (
				70A4A52B282519B7007F2033 /* Debug */,
				70A4A52C282519B7007F2033 /* Release */,
			);
			defaultConfigurationIsVisible = 0;
			defaultConfigurationName = Release;
		};
/* End XCConfigurationList section */

/* Begin XCSwiftPackageProductDependency section */
		707790C028256C8C00A851C7 /* UserDefaultsBrowser */ = {
			isa = XCSwiftPackageProductDependency;
			productName = UserDefaultsBrowser;
		};
		70A4A53128251B1D007F2033 /* UserDefaultsBrowser */ = {
			isa = XCSwiftPackageProductDependency;
			productName = UserDefaultsBrowser;
		};
/* End XCSwiftPackageProductDependency section */
	};
	rootObject = 70A4A50A282519B5007F2033 /* Project object */;
}
